
Microsoft Visual Studio Solution File, Format Version 12.00
# Visual Studio Version 16
VisualStudioVersion = 16.0.30517.126
MinimumVisualStudioVersion = 10.0.40219.1
Project("{E24C65DC-7377-472B-9ABA-BC803B73C61A}") = "WeatherForcastService", ".", "{0A2EB061-BECB-4377-9711-02E7A1E7F498}"
	ProjectSection(WebsiteProperties) = preProject
		TargetFrameworkMoniker = ".NETFramework,Version%3Dv4.7.2"
		Debug.AspNetCompiler.VirtualPath = "/localhost_63079"
		Debug.AspNetCompiler.PhysicalPath = "..\WeatherForcastService\"
		Debug.AspNetCompiler.TargetPath = "PrecompiledWeb\localhost_63079\"
		Debug.AspNetCompiler.Updateable = "true"
		Debug.AspNetCompiler.ForceOverwrite = "true"
		Debug.AspNetCompiler.FixedNames = "false"
		Debug.AspNetCompiler.Debug = "True"
		Release.AspNetCompiler.VirtualPath = "/localhost_63079"
		Release.AspNetCompiler.PhysicalPath = "..\WeatherForcastService\"
		Release.AspNetCompiler.TargetPath = "PrecompiledWeb\localhost_63079\"
		Release.AspNetCompiler.Updateable = "true"
		Release.AspNetCompiler.ForceOverwrite = "true"
		Release.AspNetCompiler.FixedNames = "false"
		Release.AspNetCompiler.Debug = "False"
		VWDPort = "63079"
		SlnRelativePath = "..\WeatherForcastService\"
		DefaultWebSiteLanguage = "Visual C#"
	EndProjectSection
EndProject
Project("{FAE04EC0-301F-11D3-BF4B-00C04F79EFBC}") = "WeatherAppGui", "WeatherAppGui\WeatherAppGui.csproj", "{60099DE6-92BA-4278-B003-0BF6FEB79FAA}"
EndProject
Global
	GlobalSection(SolutionConfigurationPlatforms) = preSolution
		Debug|Any CPU = Debug|Any CPU
		Release|Any CPU = Release|Any CPU
	EndGlobalSection
	GlobalSection(ProjectConfigurationPlatforms) = postSolution
		{0A2EB061-BECB-4377-9711-02E7A1E7F498}.Debug|Any CPU.ActiveCfg = Debug|Any CPU
		{0A2EB061-BECB-4377-9711-02E7A1E7F498}.Debug|Any CPU.Build.0 = Debug|Any CPU
		{0A2EB061-BECB-4377-9711-02E7A1E7F498}.Release|Any CPU.ActiveCfg = Debug|Any CPU
		{0A2EB061-BECB-4377-9711-02E7A1E7F498}.Release|Any CPU.Build.0 = Debug|Any CPU
		{60099DE6-92BA-4278-B003-0BF6FEB79FAA}.Debug|Any CPU.ActiveCfg = Debug|Any CPU
		{60099DE6-92BA-4278-B003-0BF6FEB79FAA}.Debug|Any CPU.Build.0 = Debug|Any CPU
		{60099DE6-92BA-4278-B003-0BF6FEB79FAA}.Release|Any CPU.ActiveCfg = Release|Any CPU
		{60099DE6-92BA-4278-B003-0BF6FEB79FAA}.Release|Any CPU.Build.0 = Release|Any CPU
	EndGlobalSection
	GlobalSection(SolutionProperties) = preSolution
		HideSolutionNode = FALSE
	EndGlobalSection
	GlobalSection(ExtensibilityGlobals) = postSolution
		SolutionGuid = {37CED9BD-ACAF-4B1F-9B4D-1D9CA242CFE0}
	EndGlobalSection
EndGlobal
